# generated by rye
# use `rye lock` or `rye sync` to update this lockfile
#
# last locked with the following flags:
#   pre: false
#   features: []
#   all-features: false
#   with-sources: false
#   generate-hashes: false

click==8.1.7
filelock==3.13.1
    # via torch
fsspec==2024.2.0
    # via torch
jinja2==3.1.3
    # via torch
markupsafe==2.1.5
    # via jinja2
mpmath==1.3.0
    # via sympy
networkx==3.2.1
    # via torch
numpy==1.26.3
    # via torchvision
pillow==10.2.0
    # via torchvision
setuptools==70.1.0
sympy==1.12
    # via torch
torch==2.3.1+cpu
    # via torchvision
torchvision==0.18.1+cpu
typing-extensions==4.9.0
    # via torch
